
Microsoft Visual Studio Solution File, Format Version 12.00
# Visual Studio Version 16
VisualStudioVersion = 16.0.29613.14
MinimumVisualStudioVersion = 10.0.40219.1
Project("{FAE04EC0-301F-11D3-BF4B-00C04F79EFBC}") = "Wpf-user-nicol-ControlLibrary.NETCore", "Wpf-user-nicol-ControlLibrary.NETCore\Wpf-user-nicol-ControlLibrary.NETCore.csproj", "{48F4C732-58E7-4452-A052-FC5042715390}"
EndProject
Global
	GlobalSection(SolutionConfigurationPlatforms) = preSolution
		Debug|Any CPU = Debug|Any CPU
		Release|Any CPU = Release|Any CPU
	EndGlobalSection
	GlobalSection(ProjectConfigurationPlatforms) = postSolution
		{48F4C732-58E7-4452-A052-FC5042715390}.Debug|Any CPU.ActiveCfg = Debug|Any CPU
		{48F4C732-58E7-4452-A052-FC5042715390}.Debug|Any CPU.Build.0 = Debug|Any CPU
		{48F4C732-58E7-4452-A052-FC5042715390}.Release|Any CPU.ActiveCfg = Release|Any CPU
		{48F4C732-58E7-4452-A052-FC5042715390}.Release|Any CPU.Build.0 = Release|Any CPU
	EndGlobalSection
	GlobalSection(SolutionProperties) = preSolution
		HideSolutionNode = FALSE
	EndGlobalSection
	GlobalSection(ExtensibilityGlobals) = postSolution
		SolutionGuid = {7B363BDE-8CD5-4C29-BED3-B7B189BBE545}
	EndGlobalSection
EndGlobal
